// !$*UTF8*$!
{
	archiveVersion = 1;
	classes = {
	};
	objectVersion = 56;
	objects = {

/* Begin PBXBuildFile section */
		83D7A1F0079FD1289CF6732C /* Pods_MessageCursoViewCode.framework in Frameworks */ = {isa = PBXBuildFile; fileRef = 86CC74D52113E768E891D7E6 /* Pods_MessageCursoViewCode.framework */; };
		EA079E1B2A38F6DE00D34E7A /* GoogleService-Info.plist in Resources */ = {isa = PBXBuildFile; fileRef = EA079E1A2A38F6DE00D34E7A /* GoogleService-Info.plist */; };
		EA079E1D2A38F9C100D34E7A /* Assets.xcassets in Resources */ = {isa = PBXBuildFile; fileRef = EA079E1C2A38F9C000D34E7A /* Assets.xcassets */; };
		EA55BD1F2A55EF9C00879355 /* MessageAllModel.swift in Sources */ = {isa = PBXBuildFile; fileRef = EA55BD1E2A55EF9C00879355 /* MessageAllModel.swift */; };
		EA55BD222A55F4FE00879355 /* MessageLastCollectionViewCell.swift in Sources */ = {isa = PBXBuildFile; fileRef = EA55BD212A55F4FE00879355 /* MessageLastCollectionViewCell.swift */; };
		EA5F4E882A38E0400098641F /* AppDelegate.swift in Sources */ = {isa = PBXBuildFile; fileRef = EA5F4E872A38E0400098641F /* AppDelegate.swift */; };
		EA5F4E8A2A38E0400098641F /* SceneDelegate.swift in Sources */ = {isa = PBXBuildFile; fileRef = EA5F4E892A38E0400098641F /* SceneDelegate.swift */; };
		EA5F4E942A38E0420098641F /* LaunchScreen.storyboard in Resources */ = {isa = PBXBuildFile; fileRef = EA5F4E922A38E0420098641F /* LaunchScreen.storyboard */; };
		EA5F4EA52A38E0940098641F /* LoginVC.swift in Sources */ = {isa = PBXBuildFile; fileRef = EA5F4E9D2A38E0930098641F /* LoginVC.swift */; };
		EA5F4EA62A38E0940098641F /* LoginScreen.swift in Sources */ = {isa = PBXBuildFile; fileRef = EA5F4E9F2A38E0930098641F /* LoginScreen.swift */; };
		EA5F4EA72A38E0940098641F /* RegisterVC.swift in Sources */ = {isa = PBXBuildFile; fileRef = EA5F4EA22A38E0940098641F /* RegisterVC.swift */; };
		EA5F4EA82A38E0940098641F /* RegisterScreen.swift in Sources */ = {isa = PBXBuildFile; fileRef = EA5F4EA42A38E0940098641F /* RegisterScreen.swift */; };
		EA5F4EAB2A38E1E30098641F /* Alert.swift in Sources */ = {isa = PBXBuildFile; fileRef = EA5F4EAA2A38E1E30098641F /* Alert.swift */; };
		EA7342F22A3A9E3E0091155C /* Extension+UIView.swift in Sources */ = {isa = PBXBuildFile; fileRef = EA7342F12A3A9E3E0091155C /* Extension+UIView.swift */; };
		EA7342F42A3A9F860091155C /* Custom.swift in Sources */ = {isa = PBXBuildFile; fileRef = EA7342F32A3A9F860091155C /* Custom.swift */; };
		EA7342FA2A3AA2CD0091155C /* Extension+Button.swift in Sources */ = {isa = PBXBuildFile; fileRef = EA7342F92A3AA2CD0091155C /* Extension+Button.swift */; };
		EA7342FC2A3AA49D0091155C /* Extension+String.swift in Sources */ = {isa = PBXBuildFile; fileRef = EA7342FB2A3AA49D0091155C /* Extension+String.swift */; };
		EA8E17A62A5BCBAE003A2806 /* MessageDetailCollectionViewCell.swift in Sources */ = {isa = PBXBuildFile; fileRef = EA8E17A52A5BCBAE003A2806 /* MessageDetailCollectionViewCell.swift */; };
		EAD043192A420D5600059899 /* HomeVC.swift in Sources */ = {isa = PBXBuildFile; fileRef = EAD043182A420D5600059899 /* HomeVC.swift */; };
		EAD0431C2A420DA400059899 /* HomeScreen.swift in Sources */ = {isa = PBXBuildFile; fileRef = EAD0431B2A420DA400059899 /* HomeScreen.swift */; };
		EAD0431F2A420EA200059899 /* NaviView.swift in Sources */ = {isa = PBXBuildFile; fileRef = EAD0431E2A420EA200059899 /* NaviView.swift */; };
		EAF59BF92A81D67000B150B2 /* ContatoController.swift in Sources */ = {isa = PBXBuildFile; fileRef = EAF59BF82A81D67000B150B2 /* ContatoController.swift */; };
/* End PBXBuildFile section */

/* Begin PBXFileReference section */
		0294FA1334961D70F55158AA /* Pods-MessageCursoViewCode.release.xcconfig */ = {isa = PBXFileReference; includeInIndex = 1; lastKnownFileType = text.xcconfig; name = "Pods-MessageCursoViewCode.release.xcconfig"; path = "Target Support Files/Pods-MessageCursoViewCode/Pods-MessageCursoViewCode.release.xcconfig"; sourceTree = "<group>"; };
		1198A258C49504C0C556E2A8 /* Pods-MessageCursoViewCode.debug.xcconfig */ = {isa = PBXFileReference; includeInIndex = 1; lastKnownFileType = text.xcconfig; name = "Pods-MessageCursoViewCode.debug.xcconfig"; path = "Target Support Files/Pods-MessageCursoViewCode/Pods-MessageCursoViewCode.debug.xcconfig"; sourceTree = "<group>"; };
		86CC74D52113E768E891D7E6 /* Pods_MessageCursoViewCode.framework */ = {isa = PBXFileReference; explicitFileType = wrapper.framework; includeInIndex = 0; path = Pods_MessageCursoViewCode.framework; sourceTree = BUILT_PRODUCTS_DIR; };
		EA079E1A2A38F6DE00D34E7A /* GoogleService-Info.plist */ = {isa = PBXFileReference; fileEncoding = 4; lastKnownFileType = text.plist.xml; path = "GoogleService-Info.plist"; sourceTree = "<group>"; };
		EA079E1C2A38F9C000D34E7A /* Assets.xcassets */ = {isa = PBXFileReference; lastKnownFileType = folder.assetcatalog; name = Assets.xcassets; path = ../../../ViewCode/CursoViewCode/CursoViewCode/Assets.xcassets; sourceTree = "<group>"; };
		EA55BD1E2A55EF9C00879355 /* MessageAllModel.swift */ = {isa = PBXFileReference; lastKnownFileType = sourcecode.swift; path = MessageAllModel.swift; sourceTree = "<group>"; };
		EA55BD212A55F4FE00879355 /* MessageLastCollectionViewCell.swift */ = {isa = PBXFileReference; lastKnownFileType = sourcecode.swift; path = MessageLastCollectionViewCell.swift; sourceTree = "<group>"; };
		EA5F4E842A38E0400098641F /* MessageCursoViewCode.app */ = {isa = PBXFileReference; explicitFileType = wrapper.application; includeInIndex = 0; path = MessageCursoViewCode.app; sourceTree = BUILT_PRODUCTS_DIR; };
		EA5F4E872A38E0400098641F /* AppDelegate.swift */ = {isa = PBXFileReference; lastKnownFileType = sourcecode.swift; path = AppDelegate.swift; sourceTree = "<group>"; };
		EA5F4E892A38E0400098641F /* SceneDelegate.swift */ = {isa = PBXFileReference; lastKnownFileType = sourcecode.swift; path = SceneDelegate.swift; sourceTree = "<group>"; };
		EA5F4E932A38E0420098641F /* Base */ = {isa = PBXFileReference; lastKnownFileType = file.storyboard; name = Base; path = Base.lproj/LaunchScreen.storyboard; sourceTree = "<group>"; };
		EA5F4E952A38E0420098641F /* Info.plist */ = {isa = PBXFileReference; lastKnownFileType = text.plist.xml; path = Info.plist; sourceTree = "<group>"; };
		EA5F4E9D2A38E0930098641F /* LoginVC.swift */ = {isa = PBXFileReference; fileEncoding = 4; lastKnownFileType = sourcecode.swift; path = LoginVC.swift; sourceTree = "<group>"; };
		EA5F4E9F2A38E0930098641F /* LoginScreen.swift */ = {isa = PBXFileReference; fileEncoding = 4; lastKnownFileType = sourcecode.swift; path = LoginScreen.swift; sourceTree = "<group>"; };
		EA5F4EA22A38E0940098641F /* RegisterVC.swift */ = {isa = PBXFileReference; fileEncoding = 4; lastKnownFileType = sourcecode.swift; path = RegisterVC.swift; sourceTree = "<group>"; };
		EA5F4EA42A38E0940098641F /* RegisterScreen.swift */ = {isa = PBXFileReference; fileEncoding = 4; lastKnownFileType = sourcecode.swift; path = RegisterScreen.swift; sourceTree = "<group>"; };
		EA5F4EAA2A38E1E30098641F /* Alert.swift */ = {isa = PBXFileReference; fileEncoding = 4; lastKnownFileType = sourcecode.swift; path = Alert.swift; sourceTree = "<group>"; };
		EA7342F12A3A9E3E0091155C /* Extension+UIView.swift */ = {isa = PBXFileReference; lastKnownFileType = sourcecode.swift; path = "Extension+UIView.swift"; sourceTree = "<group>"; };
		EA7342F32A3A9F860091155C /* Custom.swift */ = {isa = PBXFileReference; lastKnownFileType = sourcecode.swift; path = Custom.swift; sourceTree = "<group>"; };
		EA7342F62A3AA1180091155C /* Poppins-Bold.ttf */ = {isa = PBXFileReference; lastKnownFileType = file; path = "Poppins-Bold.ttf"; sourceTree = "<group>"; };
		EA7342F72A3AA1180091155C /* Poppins-Medium.ttf */ = {isa = PBXFileReference; lastKnownFileType = file; path = "Poppins-Medium.ttf"; sourceTree = "<group>"; };
		EA7342F82A3AA1180091155C /* Poppins-SemiBold.ttf */ = {isa = PBXFileReference; lastKnownFileType = file; path = "Poppins-SemiBold.ttf"; sourceTree = "<group>"; };
		EA7342F92A3AA2CD0091155C /* Extension+Button.swift */ = {isa = PBXFileReference; lastKnownFileType = sourcecode.swift; path = "Extension+Button.swift"; sourceTree = "<group>"; };
		EA7342FB2A3AA49D0091155C /* Extension+String.swift */ = {isa = PBXFileReference; lastKnownFileType = sourcecode.swift; path = "Extension+String.swift"; sourceTree = "<group>"; };
		EA8E17A52A5BCBAE003A2806 /* MessageDetailCollectionViewCell.swift */ = {isa = PBXFileReference; lastKnownFileType = sourcecode.swift; path = MessageDetailCollectionViewCell.swift; sourceTree = "<group>"; };
		EAD043182A420D5600059899 /* HomeVC.swift */ = {isa = PBXFileReference; lastKnownFileType = sourcecode.swift; path = HomeVC.swift; sourceTree = "<group>"; };
		EAD0431B2A420DA400059899 /* HomeScreen.swift */ = {isa = PBXFileReference; lastKnownFileType = sourcecode.swift; path = HomeScreen.swift; sourceTree = "<group>"; };
		EAD0431E2A420EA200059899 /* NaviView.swift */ = {isa = PBXFileReference; lastKnownFileType = sourcecode.swift; path = NaviView.swift; sourceTree = "<group>"; };
		EAF59BF82A81D67000B150B2 /* ContatoController.swift */ = {isa = PBXFileReference; lastKnownFileType = sourcecode.swift; path = ContatoController.swift; sourceTree = "<group>"; };
/* End PBXFileReference section */

/* Begin PBXFrameworksBuildPhase section */
		EA5F4E812A38E0400098641F /* Frameworks */ = {
			isa = PBXFrameworksBuildPhase;
			buildActionMask = 2147483647;
			files = (
				83D7A1F0079FD1289CF6732C /* Pods_MessageCursoViewCode.framework in Frameworks */,
			);
			runOnlyForDeploymentPostprocessing = 0;
		};
/* End PBXFrameworksBuildPhase section */

/* Begin PBXGroup section */
		47AA14457910D8ADBDF93725 /* Frameworks */ = {
			isa = PBXGroup;
			children = (
				86CC74D52113E768E891D7E6 /* Pods_MessageCursoViewCode.framework */,
			);
			name = Frameworks;
			sourceTree = "<group>";
		};
		C7C58E6EC28F5B19ADC32798 /* Pods */ = {
			isa = PBXGroup;
			children = (
				1198A258C49504C0C556E2A8 /* Pods-MessageCursoViewCode.debug.xcconfig */,
				0294FA1334961D70F55158AA /* Pods-MessageCursoViewCode.release.xcconfig */,
			);
			path = Pods;
			sourceTree = "<group>";
		};
		EA55BD1D2A55EF8500879355 /* Model */ = {
			isa = PBXGroup;
			children = (
				EA55BD1E2A55EF9C00879355 /* MessageAllModel.swift */,
			);
			path = Model;
			sourceTree = "<group>";
		};
		EA55BD202A55F4C000879355 /* Cell */ = {
			isa = PBXGroup;
			children = (
				EA55BD212A55F4FE00879355 /* MessageLastCollectionViewCell.swift */,
				EA8E17A52A5BCBAE003A2806 /* MessageDetailCollectionViewCell.swift */,
			);
			path = Cell;
			sourceTree = "<group>";
		};
		EA5F4E7B2A38E0400098641F = {
			isa = PBXGroup;
			children = (
				EA5F4E862A38E0400098641F /* MessageCursoViewCode */,
				EA5F4E852A38E0400098641F /* Products */,
				C7C58E6EC28F5B19ADC32798 /* Pods */,
				47AA14457910D8ADBDF93725 /* Frameworks */,
			);
			sourceTree = "<group>";
		};
		EA5F4E852A38E0400098641F /* Products */ = {
			isa = PBXGroup;
			children = (
				EA5F4E842A38E0400098641F /* MessageCursoViewCode.app */,
			);
			name = Products;
			sourceTree = "<group>";
		};
		EA5F4E862A38E0400098641F /* MessageCursoViewCode */ = {
			isa = PBXGroup;
			children = (
				EA55BD1D2A55EF8500879355 /* Model */,
				EA7342EC2A3A9B4B0091155C /* Utils */,
				EA5F4EA92A38E1E30098641F /* Alert */,
				EAD043172A420AC100059899 /* Home */,
				EA5F4EA02A38E0940098641F /* Register */,
				EA5F4E9B2A38E0930098641F /* Login */,
				EA5F4E872A38E0400098641F /* AppDelegate.swift */,
				EA5F4E892A38E0400098641F /* SceneDelegate.swift */,
				EA079E1C2A38F9C000D34E7A /* Assets.xcassets */,
				EA5F4E922A38E0420098641F /* LaunchScreen.storyboard */,
				EA5F4E952A38E0420098641F /* Info.plist */,
				EA079E1A2A38F6DE00D34E7A /* GoogleService-Info.plist */,
			);
			path = MessageCursoViewCode;
			sourceTree = "<group>";
		};
		EA5F4E9B2A38E0930098641F /* Login */ = {
			isa = PBXGroup;
			children = (
				EA5F4E9C2A38E0930098641F /* VC */,
				EA5F4E9E2A38E0930098641F /* Screen */,
			);
			path = Login;
			sourceTree = "<group>";
		};
		EA5F4E9C2A38E0930098641F /* VC */ = {
			isa = PBXGroup;
			children = (
				EA5F4E9D2A38E0930098641F /* LoginVC.swift */,
			);
			path = VC;
			sourceTree = "<group>";
		};
		EA5F4E9E2A38E0930098641F /* Screen */ = {
			isa = PBXGroup;
			children = (
				EA5F4E9F2A38E0930098641F /* LoginScreen.swift */,
			);
			path = Screen;
			sourceTree = "<group>";
		};
		EA5F4EA02A38E0940098641F /* Register */ = {
			isa = PBXGroup;
			children = (
				EA5F4EA12A38E0940098641F /* VC */,
				EA5F4EA32A38E0940098641F /* Screen */,
			);
			path = Register;
			sourceTree = "<group>";
		};
		EA5F4EA12A38E0940098641F /* VC */ = {
			isa = PBXGroup;
			children = (
				EA5F4EA22A38E0940098641F /* RegisterVC.swift */,
			);
			path = VC;
			sourceTree = "<group>";
		};
		EA5F4EA32A38E0940098641F /* Screen */ = {
			isa = PBXGroup;
			children = (
				EA5F4EA42A38E0940098641F /* RegisterScreen.swift */,
			);
			path = Screen;
			sourceTree = "<group>";
		};
		EA5F4EA92A38E1E30098641F /* Alert */ = {
			isa = PBXGroup;
			children = (
				EA5F4EAA2A38E1E30098641F /* Alert.swift */,
			);
			path = Alert;
			sourceTree = "<group>";
		};
		EA7342EC2A3A9B4B0091155C /* Utils */ = {
			isa = PBXGroup;
			children = (
				EA7342F52A3AA0EF0091155C /* Fonts */,
				EA7342F12A3A9E3E0091155C /* Extension+UIView.swift */,
				EA7342F32A3A9F860091155C /* Custom.swift */,
				EA7342F92A3AA2CD0091155C /* Extension+Button.swift */,
				EA7342FB2A3AA49D0091155C /* Extension+String.swift */,
				EA7342EE2A3A9B660091155C /* Sounds */,
				EA7342ED2A3A9B5E0091155C /* Fonts */,
			);
			path = Utils;
			sourceTree = "<group>";
		};
		EA7342ED2A3A9B5E0091155C /* Fonts */ = {
			isa = PBXGroup;
			children = (
			);
			path = Fonts;
			sourceTree = "<group>";
		};
		EA7342EE2A3A9B660091155C /* Sounds */ = {
			isa = PBXGroup;
			children = (
			);
			path = Sounds;
			sourceTree = "<group>";
		};
		EA7342F52A3AA0EF0091155C /* Fonts */ = {
			isa = PBXGroup;
			children = (
				EA7342F62A3AA1180091155C /* Poppins-Bold.ttf */,
				EA7342F72A3AA1180091155C /* Poppins-Medium.ttf */,
				EA7342F82A3AA1180091155C /* Poppins-SemiBold.ttf */,
			);
			name = Fonts;
			path = ../Fonts;
			sourceTree = "<group>";
		};
		EAD043172A420AC100059899 /* Home */ = {
			isa = PBXGroup;
			children = (
				EAF59BF72A81D63F00B150B2 /* Controller */,
				EA55BD202A55F4C000879355 /* Cell */,
				EAD0431D2A420E7F00059899 /* NaviView */,
				EAD0431A2A420D8A00059899 /* Screen */,
				EAD043182A420D5600059899 /* HomeVC.swift */,
			);
			path = Home;
			sourceTree = "<group>";
		};
		EAD0431A2A420D8A00059899 /* Screen */ = {
			isa = PBXGroup;
			children = (
				EAD0431B2A420DA400059899 /* HomeScreen.swift */,
			);
			path = Screen;
			sourceTree = "<group>";
		};
		EAD0431D2A420E7F00059899 /* NaviView */ = {
			isa = PBXGroup;
			children = (
				EAD0431E2A420EA200059899 /* NaviView.swift */,
			);
			path = NaviView;
			sourceTree = "<group>";
		};
		EAF59BF72A81D63F00B150B2 /* Controller */ = {
			isa = PBXGroup;
			children = (
				EAF59BF82A81D67000B150B2 /* ContatoController.swift */,
			);
			path = Controller;
			sourceTree = "<group>";
		};
/* End PBXGroup section */

/* Begin PBXNativeTarget section */
		EA5F4E832A38E0400098641F /* MessageCursoViewCode */ = {
			isa = PBXNativeTarget;
			buildConfigurationList = EA5F4E982A38E0420098641F /* Build configuration list for PBXNativeTarget "MessageCursoViewCode" */;
			buildPhases = (
				063643F4EF16B4CB1EF63810 /* [CP] Check Pods Manifest.lock */,
				EA5F4E802A38E0400098641F /* Sources */,
				EA5F4E812A38E0400098641F /* Frameworks */,
				EA5F4E822A38E0400098641F /* Resources */,
				1049EBA81BB8A0B8D3BE07C1 /* [CP] Embed Pods Frameworks */,
			);
			buildRules = (
			);
			dependencies = (
			);
			name = MessageCursoViewCode;
			productName = MessageCursoViewCode;
			productReference = EA5F4E842A38E0400098641F /* MessageCursoViewCode.app */;
			productType = "com.apple.product-type.application";
		};
/* End PBXNativeTarget section */

/* Begin PBXProject section */
		EA5F4E7C2A38E0400098641F /* Project object */ = {
			isa = PBXProject;
			attributes = {
				BuildIndependentTargetsInParallel = 1;
				LastSwiftUpdateCheck = 1430;
				LastUpgradeCheck = 1430;
				TargetAttributes = {
					EA5F4E832A38E0400098641F = {
						CreatedOnToolsVersion = 14.3.1;
					};
				};
			};
			buildConfigurationList = EA5F4E7F2A38E0400098641F /* Build configuration list for PBXProject "MessageCursoViewCode" */;
			compatibilityVersion = "Xcode 14.0";
			developmentRegion = en;
			hasScannedForEncodings = 0;
			knownRegions = (
				en,
				Base,
			);
			mainGroup = EA5F4E7B2A38E0400098641F;
			productRefGroup = EA5F4E852A38E0400098641F /* Products */;
			projectDirPath = "";
			projectRoot = "";
			targets = (
				EA5F4E832A38E0400098641F /* MessageCursoViewCode */,
			);
		};
/* End PBXProject section */

/* Begin PBXResourcesBuildPhase section */
		EA5F4E822A38E0400098641F /* Resources */ = {
			isa = PBXResourcesBuildPhase;
			buildActionMask = 2147483647;
			files = (
				EA5F4E942A38E0420098641F /* LaunchScreen.storyboard in Resources */,
				EA079E1D2A38F9C100D34E7A /* Assets.xcassets in Resources */,
				EA079E1B2A38F6DE00D34E7A /* GoogleService-Info.plist in Resources */,
			);
			runOnlyForDeploymentPostprocessing = 0;
		};
/* End PBXResourcesBuildPhase section */

/* Begin PBXShellScriptBuildPhase section */
		063643F4EF16B4CB1EF63810 /* [CP] Check Pods Manifest.lock */ = {
			isa = PBXShellScriptBuildPhase;
			buildActionMask = 2147483647;
			files = (
			);
			inputFileListPaths = (
			);
			inputPaths = (
				"${PODS_PODFILE_DIR_PATH}/Podfile.lock",
				"${PODS_ROOT}/Manifest.lock",
			);
			name = "[CP] Check Pods Manifest.lock";
			outputFileListPaths = (
			);
			outputPaths = (
				"$(DERIVED_FILE_DIR)/Pods-MessageCursoViewCode-checkManifestLockResult.txt",
			);
			runOnlyForDeploymentPostprocessing = 0;
			shellPath = /bin/sh;
			shellScript = "diff \"${PODS_PODFILE_DIR_PATH}/Podfile.lock\" \"${PODS_ROOT}/Manifest.lock\" > /dev/null\nif [ $? != 0 ] ; then\n    # print error to STDERR\n    echo \"error: The sandbox is not in sync with the Podfile.lock. Run 'pod install' or update your CocoaPods installation.\" >&2\n    exit 1\nfi\n# This output is used by Xcode 'outputs' to avoid re-running this script phase.\necho \"SUCCESS\" > \"${SCRIPT_OUTPUT_FILE_0}\"\n";
			showEnvVarsInLog = 0;
		};
		1049EBA81BB8A0B8D3BE07C1 /* [CP] Embed Pods Frameworks */ = {
			isa = PBXShellScriptBuildPhase;
			buildActionMask = 2147483647;
			files = (
			);
			inputFileListPaths = (
				"${PODS_ROOT}/Target Support Files/Pods-MessageCursoViewCode/Pods-MessageCursoViewCode-frameworks-${CONFIGURATION}-input-files.xcfilelist",
			);
			name = "[CP] Embed Pods Frameworks";
			outputFileListPaths = (
				"${PODS_ROOT}/Target Support Files/Pods-MessageCursoViewCode/Pods-MessageCursoViewCode-frameworks-${CONFIGURATION}-output-files.xcfilelist",
			);
			runOnlyForDeploymentPostprocessing = 0;
			shellPath = /bin/sh;
			shellScript = "\"${PODS_ROOT}/Target Support Files/Pods-MessageCursoViewCode/Pods-MessageCursoViewCode-frameworks.sh\"\n";
			showEnvVarsInLog = 0;
		};
/* End PBXShellScriptBuildPhase section */

/* Begin PBXSourcesBuildPhase section */
		EA5F4E802A38E0400098641F /* Sources */ = {
			isa = PBXSourcesBuildPhase;
			buildActionMask = 2147483647;
			files = (
				EAD0431F2A420EA200059899 /* NaviView.swift in Sources */,
				EA5F4E882A38E0400098641F /* AppDelegate.swift in Sources */,
				EA5F4EA52A38E0940098641F /* LoginVC.swift in Sources */,
				EA7342F22A3A9E3E0091155C /* Extension+UIView.swift in Sources */,
				EA5F4EA82A38E0940098641F /* RegisterScreen.swift in Sources */,
				EA55BD1F2A55EF9C00879355 /* MessageAllModel.swift in Sources */,
				EA5F4EA72A38E0940098641F /* RegisterVC.swift in Sources */,
				EA7342F42A3A9F860091155C /* Custom.swift in Sources */,
				EAF59BF92A81D67000B150B2 /* ContatoController.swift in Sources */,
				EAD0431C2A420DA400059899 /* HomeScreen.swift in Sources */,
				EA5F4E8A2A38E0400098641F /* SceneDelegate.swift in Sources */,
				EA7342FC2A3AA49D0091155C /* Extension+String.swift in Sources */,
				EA5F4EA62A38E0940098641F /* LoginScreen.swift in Sources */,
				EAD043192A420D5600059899 /* HomeVC.swift in Sources */,
				EA5F4EAB2A38E1E30098641F /* Alert.swift in Sources */,
				EA55BD222A55F4FE00879355 /* MessageLastCollectionViewCell.swift in Sources */,
				EA7342FA2A3AA2CD0091155C /* Extension+Button.swift in Sources */,
				EA8E17A62A5BCBAE003A2806 /* MessageDetailCollectionViewCell.swift in Sources */,
			);
			runOnlyForDeploymentPostprocessing = 0;
		};
/* End PBXSourcesBuildPhase section */

/* Begin PBXVariantGroup section */
		EA5F4E922A38E0420098641F /* LaunchScreen.storyboard */ = {
			isa = PBXVariantGroup;
			children = (
				EA5F4E932A38E0420098641F /* Base */,
			);
			name = LaunchScreen.storyboard;
			sourceTree = "<group>";
		};
/* End PBXVariantGroup section */

/* Begin XCBuildConfiguration section */
		EA5F4E962A38E0420098641F /* Debug */ = {
			isa = XCBuildConfiguration;
			buildSettings = {
				ALWAYS_SEARCH_USER_PATHS = NO;
				CLANG_ANALYZER_NONNULL = YES;
				CLANG_ANALYZER_NUMBER_OBJECT_CONVERSION = YES_AGGRESSIVE;
				CLANG_CXX_LANGUAGE_STANDARD = "gnu++20";
				CLANG_ENABLE_MODULES = YES;
				CLANG_ENABLE_OBJC_ARC = YES;
				CLANG_ENABLE_OBJC_WEAK = YES;
				CLANG_WARN_BLOCK_CAPTURE_AUTORELEASING = YES;
				CLANG_WARN_BOOL_CONVERSION = YES;
				CLANG_WARN_COMMA = YES;
				CLANG_WARN_CONSTANT_CONVERSION = YES;
				CLANG_WARN_DEPRECATED_OBJC_IMPLEMENTATIONS = YES;
				CLANG_WARN_DIRECT_OBJC_ISA_USAGE = YES_ERROR;
				CLANG_WARN_DOCUMENTATION_COMMENTS = YES;
				CLANG_WARN_EMPTY_BODY = YES;
				CLANG_WARN_ENUM_CONVERSION = YES;
				CLANG_WARN_INFINITE_RECURSION = YES;
				CLANG_WARN_INT_CONVERSION = YES;
				CLANG_WARN_NON_LITERAL_NULL_CONVERSION = YES;
				CLANG_WARN_OBJC_IMPLICIT_RETAIN_SELF = YES;
				CLANG_WARN_OBJC_LITERAL_CONVERSION = YES;
				CLANG_WARN_OBJC_ROOT_CLASS = YES_ERROR;
				CLANG_WARN_QUOTED_INCLUDE_IN_FRAMEWORK_HEADER = YES;
				CLANG_WARN_RANGE_LOOP_ANALYSIS = YES;
				CLANG_WARN_STRICT_PROTOTYPES = YES;
				CLANG_WARN_SUSPICIOUS_MOVE = YES;
				CLANG_WARN_UNGUARDED_AVAILABILITY = YES_AGGRESSIVE;
				CLANG_WARN_UNREACHABLE_CODE = YES;
				CLANG_WARN__DUPLICATE_METHOD_MATCH = YES;
				COPY_PHASE_STRIP = NO;
				DEBUG_INFORMATION_FORMAT = dwarf;
				ENABLE_STRICT_OBJC_MSGSEND = YES;
				ENABLE_TESTABILITY = YES;
				GCC_C_LANGUAGE_STANDARD = gnu11;
				GCC_DYNAMIC_NO_PIC = NO;
				GCC_NO_COMMON_BLOCKS = YES;
				GCC_OPTIMIZATION_LEVEL = 0;
				GCC_PREPROCESSOR_DEFINITIONS = (
					"DEBUG=1",
					"$(inherited)",
				);
				GCC_WARN_64_TO_32_BIT_CONVERSION = YES;
				GCC_WARN_ABOUT_RETURN_TYPE = YES_ERROR;
				GCC_WARN_UNDECLARED_SELECTOR = YES;
				GCC_WARN_UNINITIALIZED_AUTOS = YES_AGGRESSIVE;
				GCC_WARN_UNUSED_FUNCTION = YES;
				GCC_WARN_UNUSED_VARIABLE = YES;
				IPHONEOS_DEPLOYMENT_TARGET = 16.4;
				MTL_ENABLE_DEBUG_INFO = INCLUDE_SOURCE;
				MTL_FAST_MATH = YES;
				ONLY_ACTIVE_ARCH = YES;
				SDKROOT = iphoneos;
				SWIFT_ACTIVE_COMPILATION_CONDITIONS = DEBUG;
				SWIFT_OPTIMIZATION_LEVEL = "-Onone";
			};
			name = Debug;
		};
		EA5F4E972A38E0420098641F /* Release */ = {
			isa = XCBuildConfiguration;
			buildSettings = {
				ALWAYS_SEARCH_USER_PATHS = NO;
				CLANG_ANALYZER_NONNULL = YES;
				CLANG_ANALYZER_NUMBER_OBJECT_CONVERSION = YES_AGGRESSIVE;
				CLANG_CXX_LANGUAGE_STANDARD = "gnu++20";
				CLANG_ENABLE_MODULES = YES;
				CLANG_ENABLE_OBJC_ARC = YES;
				CLANG_ENABLE_OBJC_WEAK = YES;
				CLANG_WARN_BLOCK_CAPTURE_AUTORELEASING = YES;
				CLANG_WARN_BOOL_CONVERSION = YES;
				CLANG_WARN_COMMA = YES;
				CLANG_WARN_CONSTANT_CONVERSION = YES;
				CLANG_WARN_DEPRECATED_OBJC_IMPLEMENTATIONS = YES;
				CLANG_WARN_DIRECT_OBJC_ISA_USAGE = YES_ERROR;
				CLANG_WARN_DOCUMENTATION_COMMENTS = YES;
				CLANG_WARN_EMPTY_BODY = YES;
				CLANG_WARN_ENUM_CONVERSION = YES;
				CLANG_WARN_INFINITE_RECURSION = YES;
				CLANG_WARN_INT_CONVERSION = YES;
				CLANG_WARN_NON_LITERAL_NULL_CONVERSION = YES;
				CLANG_WARN_OBJC_IMPLICIT_RETAIN_SELF = YES;
				CLANG_WARN_OBJC_LITERAL_CONVERSION = YES;
				CLANG_WARN_OBJC_ROOT_CLASS = YES_ERROR;
				CLANG_WARN_QUOTED_INCLUDE_IN_FRAMEWORK_HEADER = YES;
				CLANG_WARN_RANGE_LOOP_ANALYSIS = YES;
				CLANG_WARN_STRICT_PROTOTYPES = YES;
				CLANG_WARN_SUSPICIOUS_MOVE = YES;
				CLANG_WARN_UNGUARDED_AVAILABILITY = YES_AGGRESSIVE;
				CLANG_WARN_UNREACHABLE_CODE = YES;
				CLANG_WARN__DUPLICATE_METHOD_MATCH = YES;
				COPY_PHASE_STRIP = NO;
				DEBUG_INFORMATION_FORMAT = "dwarf-with-dsym";
				ENABLE_NS_ASSERTIONS = NO;
				ENABLE_STRICT_OBJC_MSGSEND = YES;
				GCC_C_LANGUAGE_STANDARD = gnu11;
				GCC_NO_COMMON_BLOCKS = YES;
				GCC_WARN_64_TO_32_BIT_CONVERSION = YES;
				GCC_WARN_ABOUT_RETURN_TYPE = YES_ERROR;
				GCC_WARN_UNDECLARED_SELECTOR = YES;
				GCC_WARN_UNINITIALIZED_AUTOS = YES_AGGRESSIVE;
				GCC_WARN_UNUSED_FUNCTION = YES;
				GCC_WARN_UNUSED_VARIABLE = YES;
				IPHONEOS_DEPLOYMENT_TARGET = 16.4;
				MTL_ENABLE_DEBUG_INFO = NO;
				MTL_FAST_MATH = YES;
				SDKROOT = iphoneos;
				SWIFT_COMPILATION_MODE = wholemodule;
				SWIFT_OPTIMIZATION_LEVEL = "-O";
				VALIDATE_PRODUCT = YES;
			};
			name = Release;
		};
		EA5F4E992A38E0420098641F /* Debug */ = {
			isa = XCBuildConfiguration;
			baseConfigurationReference = 1198A258C49504C0C556E2A8 /* Pods-MessageCursoViewCode.debug.xcconfig */;
			buildSettings = {
				ASSETCATALOG_COMPILER_APPICON_NAME = AppIcon;
				ASSETCATALOG_COMPILER_GLOBAL_ACCENT_COLOR_NAME = AccentColor;
				CODE_SIGN_STYLE = Automatic;
				CURRENT_PROJECT_VERSION = 1;
				GENERATE_INFOPLIST_FILE = YES;
				INFOPLIST_FILE = MessageCursoViewCode/Info.plist;
				INFOPLIST_KEY_UIApplicationSupportsIndirectInputEvents = YES;
				INFOPLIST_KEY_UILaunchStoryboardName = LaunchScreen;
				INFOPLIST_KEY_UISupportedInterfaceOrientations_iPad = "UIInterfaceOrientationPortrait UIInterfaceOrientationPortraitUpsideDown UIInterfaceOrientationLandscapeLeft UIInterfaceOrientationLandscapeRight";
				INFOPLIST_KEY_UISupportedInterfaceOrientations_iPhone = "UIInterfaceOrientationPortrait UIInterfaceOrientationLandscapeLeft UIInterfaceOrientationLandscapeRight";
				LD_RUNPATH_SEARCH_PATHS = (
					"$(inherited)",
					"@executable_path/Frameworks",
				);
				MARKETING_VERSION = 1.0;
				PRODUCT_BUNDLE_IDENTIFIER = CursoViewCode.MessageCursoViewCode;
				PRODUCT_NAME = "$(TARGET_NAME)";
				SUPPORTED_PLATFORMS = "iphoneos iphonesimulator";
				SUPPORTS_MACCATALYST = NO;
				SUPPORTS_MAC_DESIGNED_FOR_IPHONE_IPAD = YES;
				SWIFT_EMIT_LOC_STRINGS = YES;
				SWIFT_VERSION = 5.0;
				TARGETED_DEVICE_FAMILY = 1;
			};
			name = Debug;
		};
		EA5F4E9A2A38E0420098641F /* Release */ = {
			isa = XCBuildConfiguration;
			baseConfigurationReference = 0294FA1334961D70F55158AA /* Pods-MessageCursoViewCode.release.xcconfig */;
			buildSettings = {
				ASSETCATALOG_COMPILER_APPICON_NAME = AppIcon;
				ASSETCATALOG_COMPILER_GLOBAL_ACCENT_COLOR_NAME = AccentColor;
				CODE_SIGN_STYLE = Automatic;
				CURRENT_PROJECT_VERSION = 1;
				GENERATE_INFOPLIST_FILE = YES;
				INFOPLIST_FILE = MessageCursoViewCode/Info.plist;
				INFOPLIST_KEY_UIApplicationSupportsIndirectInputEvents = YES;
				INFOPLIST_KEY_UILaunchStoryboardName = LaunchScreen;
				INFOPLIST_KEY_UISupportedInterfaceOrientations_iPad = "UIInterfaceOrientationPortrait UIInterfaceOrientationPortraitUpsideDown UIInterfaceOrientationLandscapeLeft UIInterfaceOrientationLandscapeRight";
				INFOPLIST_KEY_UISupportedInterfaceOrientations_iPhone = "UIInterfaceOrientationPortrait UIInterfaceOrientationLandscapeLeft UIInterfaceOrientationLandscapeRight";
				LD_RUNPATH_SEARCH_PATHS = (
					"$(inherited)",
					"@executable_path/Frameworks",
				);
				MARKETING_VERSION = 1.0;
				PRODUCT_BUNDLE_IDENTIFIER = CursoViewCode.MessageCursoViewCode;
				PRODUCT_NAME = "$(TARGET_NAME)";
				SUPPORTED_PLATFORMS = "iphoneos iphonesimulator";
				SUPPORTS_MACCATALYST = NO;
				SUPPORTS_MAC_DESIGNED_FOR_IPHONE_IPAD = YES;
				SWIFT_EMIT_LOC_STRINGS = YES;
				SWIFT_VERSION = 5.0;
				TARGETED_DEVICE_FAMILY = 1;
			};
			name = Release;
		};
/* End XCBuildConfiguration section */

/* Begin XCConfigurationList section */
		EA5F4E7F2A38E0400098641F /* Build configuration list for PBXProject "MessageCursoViewCode" */ = {
			isa = XCConfigurationList;
			buildConfigurations = (
				EA5F4E962A38E0420098641F /* Debug */,
				EA5F4E972A38E0420098641F /* Release */,
			);
			defaultConfigurationIsVisible = 0;
			defaultConfigurationName = Release;
		};
		EA5F4E982A38E0420098641F /* Build configuration list for PBXNativeTarget "MessageCursoViewCode" */ = {
			isa = XCConfigurationList;
			buildConfigurations = (
				EA5F4E992A38E0420098641F /* Debug */,
				EA5F4E9A2A38E0420098641F /* Release */,
			);
			defaultConfigurationIsVisible = 0;
			defaultConfigurationName = Release;
		};
/* End XCConfigurationList section */
	};
	rootObject = EA5F4E7C2A38E0400098641F /* Project object */;
}
